
Microsoft Visual Studio Solution File, Format Version 12.00
# Visual Studio Version 17
VisualStudioVersion = 17.11.35312.102
MinimumVisualStudioVersion = 10.0.40219.1
Project("{FAE04EC0-301F-11D3-BF4B-00C04F79EFBC}") = "MoneyMaster", "MoneyMaster.csproj", "{0391E0BB-939F-4124-8DE1-56D7451BC7CE}"
EndProject
Global
	GlobalSection(SolutionConfigurationPlatforms) = preSolution
		Debug|Any CPU = Debug|Any CPU
		Release|Any CPU = Release|Any CPU
	EndGlobalSection
	GlobalSection(ProjectConfigurationPlatforms) = postSolution
		{0391E0BB-939F-4124-8DE1-56D7451BC7CE}.Debug|Any CPU.ActiveCfg = Debug|Any CPU
		{0391E0BB-939F-4124-8DE1-56D7451BC7CE}.Debug|Any CPU.Build.0 = Debug|Any CPU
		{0391E0BB-939F-4124-8DE1-56D7451BC7CE}.Debug|Any CPU.Deploy.0 = Debug|Any CPU
		{0391E0BB-939F-4124-8DE1-56D7451BC7CE}.Release|Any CPU.ActiveCfg = Release|Any CPU
		{0391E0BB-939F-4124-8DE1-56D7451BC7CE}.Release|Any CPU.Build.0 = Release|Any CPU
		{0391E0BB-939F-4124-8DE1-56D7451BC7CE}.Release|Any CPU.Deploy.0 = Release|Any CPU
	EndGlobalSection
	GlobalSection(SolutionProperties) = preSolution
		HideSolutionNode = FALSE
	EndGlobalSection
	GlobalSection(ExtensibilityGlobals) = postSolution
		SolutionGuid = {581A23F5-A7B0-4B33-BD51-AE24FBA47B3E}
	EndGlobalSection
EndGlobal
